
Microsoft Visual Studio Solution File, Format Version 12.00
# Visual Studio Version 17
VisualStudioVersion = 17.1.32328.378
MinimumVisualStudioVersion = 10.0.40219.1
Project("{9A19103F-16F7-4668-BE54-9A1E7A4F7556}") = "yield-return-smooth", "yield-return-smooth.csproj", "{B4EAFBFB-6F21-4758-B955-795E9A74D730}"
EndProject
Global
	GlobalSection(SolutionConfigurationPlatforms) = preSolution
		Debug|Any CPU = Debug|Any CPU
		Release|Any CPU = Release|Any CPU
	EndGlobalSection
	GlobalSection(ProjectConfigurationPlatforms) = postSolution
		{B4EAFBFB-6F21-4758-B955-795E9A74D730}.Debug|Any CPU.ActiveCfg = Debug|Any CPU
		{B4EAFBFB-6F21-4758-B955-795E9A74D730}.Debug|Any CPU.Build.0 = Debug|Any CPU
		{B4EAFBFB-6F21-4758-B955-795E9A74D730}.Release|Any CPU.ActiveCfg = Release|Any CPU
		{B4EAFBFB-6F21-4758-B955-795E9A74D730}.Release|Any CPU.Build.0 = Release|Any CPU
	EndGlobalSection
	GlobalSection(SolutionProperties) = preSolution
		HideSolutionNode = FALSE
	EndGlobalSection
	GlobalSection(ExtensibilityGlobals) = postSolution
		SolutionGuid = {B21AD046-493B-4358-BEF9-140AA5F582D1}
	EndGlobalSection
EndGlobal
